# Exact Python version constraints for reproducibility; this is not an artifact-hash lock.
# PyPI packages are therefore re-fetched and are not verified with pip --require-hashes.
annotated-doc==0.0.5
annotated-types==0.8.0
anyio==4.14.2
attrs==26.1.0
click==8.5.0
colorama==0.4.6
fastapi==0.141.1
h11==0.16.0
httpcore2==2.12.0
httptools==0.8.0
httpx2==2.12.0
idna==3.19
iniconfig==2.3.0
jsonschema-specifications==2025.9.1
jsonschema==4.26.0
packaging==26.3
pluggy==1.6.0
pydantic_core==2.46.4
pydantic==2.13.4
Pygments==2.21.0
pytest==9.1.1
python-dotenv==1.2.3
PyYAML==6.0.3
referencing==0.37.0
rpds-py==2026.6.3
ruff==0.16.5
setuptools==84.0.0
starlette==1.6.0
truststore==0.10.4
typing_extensions==4.16.0
typing-inspection==0.4.4
uvicorn==0.52.4
watchfiles==1.2.0
websockets==17.1
wheel==0.48.0
